{
  "version": 4,
  "terraform_version": "1.13.4",
  "serial": 11,
  "lineage": "f4bcd6ba-52c4-5fd1-6c75-9ff98aafca29",
  "outputs": {},
  "resources": [
    {
      "mode": "managed",
      "type": "aws_dynamodb_table",
      "name": "WsConnections",
      "provider": "provider[\"registry.terraform.io/hashicorp/aws\"]",
      "instances": [
        {
          "status": "tainted",
          "schema_version": 1,
          "attributes": {
            "arn": null,
            "attribute": [
              {
                "name": "ConnectionId",
                "type": "S"
              },
              {
                "name": "UserId",
                "type": "S"
              }
            ],
            "billing_mode": "PROVISIONED",
            "deletion_protection_enabled": null,
            "global_secondary_index": [],
            "hash_key": "UserId",
            "id": "WsConnections",
            "import_table": [],
            "local_secondary_index": [],
            "name": "WsConnections",
            "on_demand_throughput": [],
            "point_in_time_recovery": null,
            "range_key": "ConnectionId",
            "read_capacity": 5,
            "region": "eu-west-1",
            "replica": [],
            "restore_date_time": null,
            "restore_source_name": null,
            "restore_source_table_arn": null,
            "restore_to_latest_time": null,
            "server_side_encryption": null,
            "stream_arn": null,
            "stream_enabled": null,
            "stream_label": null,
            "stream_view_type": null,
            "table_class": null,
            "tags": null,
            "tags_all": null,
            "timeouts": null,
            "ttl": null,
            "warm_throughput": null,
            "write_capacity": 5
          },
          "sensitive_attributes": [],
          "identity_schema_version": 0,
          "private": "eyJlMmJmYjczMC1lY2FhLTExZTYtOGY4OC0zNDM2M2JjN2M0YzAiOnsiY3JlYXRlIjoxODAwMDAwMDAwMDAwLCJkZWxldGUiOjYwMDAwMDAwMDAwMCwidXBkYXRlIjozNjAwMDAwMDAwMDAwfSwic2NoZW1hX3ZlcnNpb24iOiIxIn0="
        }
      ]
    }
  ],
  "check_results": null
}
